
Microsoft Visual Studio Solution File, Format Version 12.00
# Visual Studio Version 16
VisualStudioVersion = 16.0.29230.61
MinimumVisualStudioVersion = 10.0.40219.1
Project("{9A19103F-16F7-4668-BE54-9A1E7A4F7556}") = "Nummernmerker", "Nummernmerker\Nummernmerker.csproj", "{2FD9A2A0-274F-4345-A510-E8ECC5A48C4B}"
EndProject
Project("{FAE04EC0-301F-11D3-BF4B-00C04F79EFBC}") = "Nummernmerker.CLI", "Nummernmerker.CLI\Nummernmerker.CLI.csproj", "{555DFCD7-6329-4D94-BED9-35D5D04D1228}"
EndProject
Global
	GlobalSection(SolutionConfigurationPlatforms) = preSolution
		Debug|Any CPU = Debug|Any CPU
		Release|Any CPU = Release|Any CPU
	EndGlobalSection
	GlobalSection(ProjectConfigurationPlatforms) = postSolution
		{2FD9A2A0-274F-4345-A510-E8ECC5A48C4B}.Debug|Any CPU.ActiveCfg = Debug|Any CPU
		{2FD9A2A0-274F-4345-A510-E8ECC5A48C4B}.Debug|Any CPU.Build.0 = Debug|Any CPU
		{2FD9A2A0-274F-4345-A510-E8ECC5A48C4B}.Release|Any CPU.ActiveCfg = Release|Any CPU
		{2FD9A2A0-274F-4345-A510-E8ECC5A48C4B}.Release|Any CPU.Build.0 = Release|Any CPU
		{555DFCD7-6329-4D94-BED9-35D5D04D1228}.Debug|Any CPU.ActiveCfg = Debug|Any CPU
		{555DFCD7-6329-4D94-BED9-35D5D04D1228}.Debug|Any CPU.Build.0 = Debug|Any CPU
		{555DFCD7-6329-4D94-BED9-35D5D04D1228}.Release|Any CPU.ActiveCfg = Release|Any CPU
		{555DFCD7-6329-4D94-BED9-35D5D04D1228}.Release|Any CPU.Build.0 = Release|Any CPU
	EndGlobalSection
	GlobalSection(SolutionProperties) = preSolution
		HideSolutionNode = FALSE
	EndGlobalSection
	GlobalSection(ExtensibilityGlobals) = postSolution
		SolutionGuid = {06F21E3E-7731-4943-BCF5-C578C54F1056}
	EndGlobalSection
EndGlobal
