
Microsoft Visual Studio Solution File, Format Version 12.00
# Visual Studio Version 16
VisualStudioVersion = 16.0.29230.61
MinimumVisualStudioVersion = 10.0.40219.1
Project("{FAE04EC0-301F-11D3-BF4B-00C04F79EFBC}") = "Blumenbeet", "Blumenbeet\Blumenbeet.csproj", "{F1CA2DFB-B61A-41FD-AEA9-6367821EE58E}"
EndProject
Project("{FAE04EC0-301F-11D3-BF4B-00C04F79EFBC}") = "Blumenbeet.CLI", "Blumenbeet.CLI\Blumenbeet.CLI.csproj", "{CF2E2A75-8535-439B-AC06-9D5439680263}"
EndProject
Global
	GlobalSection(SolutionConfigurationPlatforms) = preSolution
		Debug|Any CPU = Debug|Any CPU
		Release|Any CPU = Release|Any CPU
	EndGlobalSection
	GlobalSection(ProjectConfigurationPlatforms) = postSolution
		{F1CA2DFB-B61A-41FD-AEA9-6367821EE58E}.Debug|Any CPU.ActiveCfg = Debug|Any CPU
		{F1CA2DFB-B61A-41FD-AEA9-6367821EE58E}.Debug|Any CPU.Build.0 = Debug|Any CPU
		{F1CA2DFB-B61A-41FD-AEA9-6367821EE58E}.Release|Any CPU.ActiveCfg = Release|Any CPU
		{F1CA2DFB-B61A-41FD-AEA9-6367821EE58E}.Release|Any CPU.Build.0 = Release|Any CPU
		{CF2E2A75-8535-439B-AC06-9D5439680263}.Debug|Any CPU.ActiveCfg = Debug|Any CPU
		{CF2E2A75-8535-439B-AC06-9D5439680263}.Debug|Any CPU.Build.0 = Debug|Any CPU
		{CF2E2A75-8535-439B-AC06-9D5439680263}.Release|Any CPU.ActiveCfg = Release|Any CPU
		{CF2E2A75-8535-439B-AC06-9D5439680263}.Release|Any CPU.Build.0 = Release|Any CPU
	EndGlobalSection
	GlobalSection(SolutionProperties) = preSolution
		HideSolutionNode = FALSE
	EndGlobalSection
	GlobalSection(ExtensibilityGlobals) = postSolution
		SolutionGuid = {EF0004D8-1EBB-4304-8702-EA648A989FB5}
	EndGlobalSection
EndGlobal
